
Microsoft Visual Studio Solution File, Format Version 12.00
# Visual Studio 15
Project("{FAE04EC0-301F-11D3-BF4B-00C04F79EFBC}") = "Assembly-CSharp", "Assembly-CSharp.csproj", "{BE113008-7F28-18EA-2898-7E3DE49FDB5B}"
EndProject
Project("{FAE04EC0-301F-11D3-BF4B-00C04F79EFBC}") = "Assembly-CSharp-Editor", "Assembly-CSharp-Editor.csproj", "{2174319A-7282-F533-C711-23A43C5545E6}"
EndProject
Global
	GlobalSection(SolutionConfigurationPlatforms) = preSolution
		Debug|Any CPU = Debug|Any CPU
		Release|Any CPU = Release|Any CPU
	EndGlobalSection
	GlobalSection(ProjectConfigurationPlatforms) = postSolution
		{BE113008-7F28-18EA-2898-7E3DE49FDB5B}.Debug|Any CPU.ActiveCfg = Debug|Any CPU
		{BE113008-7F28-18EA-2898-7E3DE49FDB5B}.Debug|Any CPU.Build.0 = Debug|Any CPU
		{BE113008-7F28-18EA-2898-7E3DE49FDB5B}.Release|Any CPU.ActiveCfg = Release|Any CPU
		{BE113008-7F28-18EA-2898-7E3DE49FDB5B}.Release|Any CPU.Build.0 = Release|Any CPU
		{2174319A-7282-F533-C711-23A43C5545E6}.Debug|Any CPU.ActiveCfg = Debug|Any CPU
		{2174319A-7282-F533-C711-23A43C5545E6}.Debug|Any CPU.Build.0 = Debug|Any CPU
		{2174319A-7282-F533-C711-23A43C5545E6}.Release|Any CPU.ActiveCfg = Release|Any CPU
		{2174319A-7282-F533-C711-23A43C5545E6}.Release|Any CPU.Build.0 = Release|Any CPU
	EndGlobalSection
	GlobalSection(SolutionProperties) = preSolution
		HideSolutionNode = FALSE
	EndGlobalSection
EndGlobal
